
Microsoft Visual Studio Solution File, Format Version 12.00
# Visual Studio Version 17
VisualStudioVersion = 17.14.36414.22 d17.14
MinimumVisualStudioVersion = 10.0.40219.1
Project("{FAE04EC0-301F-11D3-BF4B-00C04F79EFBC}") = "PasswordManager.Core", "PasswordManager.Core\PasswordManager.Core.csproj", "{F634BCEC-2D4C-4B1D-9A13-C3CB4742B13B}"
EndProject
Project("{FAE04EC0-301F-11D3-BF4B-00C04F79EFBC}") = "PasswordManager.WPF", "PasswordManager.WPF\PasswordManager.WPF.csproj", "{44B57DF9-A705-46D0-A888-69C14111902F}"
EndProject
Global
	GlobalSection(SolutionConfigurationPlatforms) = preSolution
		Debug|Any CPU = Debug|Any CPU
		Release|Any CPU = Release|Any CPU
	EndGlobalSection
	GlobalSection(ProjectConfigurationPlatforms) = postSolution
		{F634BCEC-2D4C-4B1D-9A13-C3CB4742B13B}.Debug|Any CPU.ActiveCfg = Debug|Any CPU
		{F634BCEC-2D4C-4B1D-9A13-C3CB4742B13B}.Debug|Any CPU.Build.0 = Debug|Any CPU
		{F634BCEC-2D4C-4B1D-9A13-C3CB4742B13B}.Release|Any CPU.ActiveCfg = Release|Any CPU
		{F634BCEC-2D4C-4B1D-9A13-C3CB4742B13B}.Release|Any CPU.Build.0 = Release|Any CPU
		{44B57DF9-A705-46D0-A888-69C14111902F}.Debug|Any CPU.ActiveCfg = Debug|Any CPU
		{44B57DF9-A705-46D0-A888-69C14111902F}.Debug|Any CPU.Build.0 = Debug|Any CPU
		{44B57DF9-A705-46D0-A888-69C14111902F}.Release|Any CPU.ActiveCfg = Release|Any CPU
		{44B57DF9-A705-46D0-A888-69C14111902F}.Release|Any CPU.Build.0 = Release|Any CPU
	EndGlobalSection
	GlobalSection(SolutionProperties) = preSolution
		HideSolutionNode = FALSE
	EndGlobalSection
	GlobalSection(ExtensibilityGlobals) = postSolution
		SolutionGuid = {9A6E5E0A-4896-44C3-83D9-FE5F0815151C}
	EndGlobalSection
EndGlobal
